
Microsoft Visual Studio Solution File, Format Version 12.00
# Visual Studio Version 16
VisualStudioVersion = 16.0.31624.102
MinimumVisualStudioVersion = 10.0.40219.1
Project("{FAE04EC0-301F-11D3-BF4B-00C04F79EFBC}") = "Week1Test", "Week1Test\Week1Test.csproj", "{A855A44A-7395-484B-9377-C03EB2CED849}"
EndProject
Global
	GlobalSection(SolutionConfigurationPlatforms) = preSolution
		Debug|Any CPU = Debug|Any CPU
		Release|Any CPU = Release|Any CPU
	EndGlobalSection
	GlobalSection(ProjectConfigurationPlatforms) = postSolution
		{A855A44A-7395-484B-9377-C03EB2CED849}.Debug|Any CPU.ActiveCfg = Debug|Any CPU
		{A855A44A-7395-484B-9377-C03EB2CED849}.Debug|Any CPU.Build.0 = Debug|Any CPU
		{A855A44A-7395-484B-9377-C03EB2CED849}.Release|Any CPU.ActiveCfg = Release|Any CPU
		{A855A44A-7395-484B-9377-C03EB2CED849}.Release|Any CPU.Build.0 = Release|Any CPU
	EndGlobalSection
	GlobalSection(SolutionProperties) = preSolution
		HideSolutionNode = FALSE
	EndGlobalSection
	GlobalSection(ExtensibilityGlobals) = postSolution
		SolutionGuid = {9EB616AA-2D42-49BD-A3F5-C19B61FDC533}
	EndGlobalSection
EndGlobal
